# This file is autogenerated, do not edit; changes may be undone by the next 'dep ensure'.


[[projects]]
  name = "github.com/go-playground/form"
  packages = ["."]
  revision = "7fecd715e332ae7689c9d068b362f7db93149e60"
  version = "v3.1.0"

[solve-meta]
  analyzer-name = "dep"
  analyzer-version = 1
  inputs-digest = "51902a681682b69377f0d9d9a821a5b357db9770ec0a25ef006998aef148eb2a"
  solver-name = "gps-cdcl"
  solver-version = 1
